// !$*UTF8*$!
{
	archiveVersion = 1;
	classes = {
	};
	objectVersion = 55;
	objects = {

/* Begin PBXBuildFile section */
		0C82A6E528CBA5C800C52085 /* MFUtilities.m in Sources */ = {isa = PBXBuildFile; fileRef = 0C82A6E328CBA5C800C52085 /* MFUtilities.m */; };
		0CA0941F28C65926003E6806 /* GithookPOCApp.swift in Sources */ = {isa = PBXBuildFile; fileRef = 0CA0941E28C65926003E6806 /* GithookPOCApp.swift */; };
		0CA0942128C65926003E6806 /* ContentView.swift in Sources */ = {isa = PBXBuildFile; fileRef = 0CA0942028C65926003E6806 /* ContentView.swift */; };
		0CA0942328C65927003E6806 /* Assets.xcassets in Resources */ = {isa = PBXBuildFile; fileRef = 0CA0942228C65927003E6806 /* Assets.xcassets */; };
		0CA0942628C65927003E6806 /* Preview Assets.xcassets in Resources */ = {isa = PBXBuildFile; fileRef = 0CA0942528C65927003E6806 /* Preview Assets.xcassets */; };
		0CA0943028C65928003E6806 /* GithookPOCTests.swift in Sources */ = {isa = PBXBuildFile; fileRef = 0CA0942F28C65928003E6806 /* GithookPOCTests.swift */; };
		0CA0943A28C65928003E6806 /* GithookPOCUITests.swift in Sources */ = {isa = PBXBuildFile; fileRef = 0CA0943928C65928003E6806 /* GithookPOCUITests.swift */; };
		0CA0943C28C65928003E6806 /* GithookPOCUITestsLaunchTests.swift in Sources */ = {isa = PBXBuildFile; fileRef = 0CA0943B28C65928003E6806 /* GithookPOCUITestsLaunchTests.swift */; };
		2A4D7FA6448E4B629ED86D01 /* Pods_GithookPOC.framework in Frameworks */ = {isa = PBXBuildFile; fileRef = 672CF2316862EEF25D946111 /* Pods_GithookPOC.framework */; };
		590E414CA8D494849082BA82 /* Pods_GithookPOC_GithookPOCUITests.framework in Frameworks */ = {isa = PBXBuildFile; fileRef = F3787FD9A63A025D5BE12CFE /* Pods_GithookPOC_GithookPOCUITests.framework */; };
		9CABD278CE3547D32C278CB9 /* Pods_GithookPOCTests.framework in Frameworks */ = {isa = PBXBuildFile; fileRef = F945F572458DF5FA1793128F /* Pods_GithookPOCTests.framework */; };
/* End PBXBuildFile section */

/* Begin PBXContainerItemProxy section */
		0CA0942C28C65928003E6806 /* PBXContainerItemProxy */ = {
			isa = PBXContainerItemProxy;
			containerPortal = 0CA0941328C65926003E6806 /* Project object */;
			proxyType = 1;
			remoteGlobalIDString = 0CA0941A28C65926003E6806;
			remoteInfo = GithookPOC;
		};
		0CA0943628C65928003E6806 /* PBXContainerItemProxy */ = {
			isa = PBXContainerItemProxy;
			containerPortal = 0CA0941328C65926003E6806 /* Project object */;
			proxyType = 1;
			remoteGlobalIDString = 0CA0941A28C65926003E6806;
			remoteInfo = GithookPOC;
		};
/* End PBXContainerItemProxy section */

/* Begin PBXFileReference section */
		0C82A6E228CBA5C700C52085 /* GithookPOC-Bridging-Header.h */ = {isa = PBXFileReference; lastKnownFileType = sourcecode.c.h; path = "GithookPOC-Bridging-Header.h"; sourceTree = "<group>"; };
		0C82A6E328CBA5C800C52085 /* MFUtilities.m */ = {isa = PBXFileReference; fileEncoding = 4; lastKnownFileType = sourcecode.c.objc; path = MFUtilities.m; sourceTree = "<group>"; };
		0C82A6E428CBA5C800C52085 /* MFUtilities.h */ = {isa = PBXFileReference; fileEncoding = 4; lastKnownFileType = sourcecode.c.h; path = MFUtilities.h; sourceTree = "<group>"; };
		0CA0941B28C65926003E6806 /* GithookPOC.app */ = {isa = PBXFileReference; explicitFileType = wrapper.application; includeInIndex = 0; path = GithookPOC.app; sourceTree = BUILT_PRODUCTS_DIR; };
		0CA0941E28C65926003E6806 /* GithookPOCApp.swift */ = {isa = PBXFileReference; lastKnownFileType = sourcecode.swift; path = GithookPOCApp.swift; sourceTree = "<group>"; };
		0CA0942028C65926003E6806 /* ContentView.swift */ = {isa = PBXFileReference; lastKnownFileType = sourcecode.swift; path = ContentView.swift; sourceTree = "<group>"; };
		0CA0942228C65927003E6806 /* Assets.xcassets */ = {isa = PBXFileReference; lastKnownFileType = folder.assetcatalog; path = Assets.xcassets; sourceTree = "<group>"; };
		0CA0942528C65927003E6806 /* Preview Assets.xcassets */ = {isa = PBXFileReference; lastKnownFileType = folder.assetcatalog; path = "Preview Assets.xcassets"; sourceTree = "<group>"; };
		0CA0942B28C65928003E6806 /* GithookPOCTests.xctest */ = {isa = PBXFileReference; explicitFileType = wrapper.cfbundle; includeInIndex = 0; path = GithookPOCTests.xctest; sourceTree = BUILT_PRODUCTS_DIR; };
		0CA0942F28C65928003E6806 /* GithookPOCTests.swift */ = {isa = PBXFileReference; lastKnownFileType = sourcecode.swift; path = GithookPOCTests.swift; sourceTree = "<group>"; };
		0CA0943528C65928003E6806 /* GithookPOCUITests.xctest */ = {isa = PBXFileReference; explicitFileType = wrapper.cfbundle; includeInIndex = 0; path = GithookPOCUITests.xctest; sourceTree = BUILT_PRODUCTS_DIR; };
		0CA0943928C65928003E6806 /* GithookPOCUITests.swift */ = {isa = PBXFileReference; lastKnownFileType = sourcecode.swift; path = GithookPOCUITests.swift; sourceTree = "<group>"; };
		0CA0943B28C65928003E6806 /* GithookPOCUITestsLaunchTests.swift */ = {isa = PBXFileReference; lastKnownFileType = sourcecode.swift; path = GithookPOCUITestsLaunchTests.swift; sourceTree = "<group>"; };
		672CF2316862EEF25D946111 /* Pods_GithookPOC.framework */ = {isa = PBXFileReference; explicitFileType = wrapper.framework; includeInIndex = 0; path = Pods_GithookPOC.framework; sourceTree = BUILT_PRODUCTS_DIR; };
		6820FECA4A016694AFDE1DC1 /* Pods-GithookPOCTests.release.xcconfig */ = {isa = PBXFileReference; includeInIndex = 1; lastKnownFileType = text.xcconfig; name = "Pods-GithookPOCTests.release.xcconfig"; path = "Target Support Files/Pods-GithookPOCTests/Pods-GithookPOCTests.release.xcconfig"; sourceTree = "<group>"; };
		69CEA3859E77D6BC93578222 /* Pods-GithookPOC-GithookPOCUITests.debug.xcconfig */ = {isa = PBXFileReference; includeInIndex = 1; lastKnownFileType = text.xcconfig; name = "Pods-GithookPOC-GithookPOCUITests.debug.xcconfig"; path = "Target Support Files/Pods-GithookPOC-GithookPOCUITests/Pods-GithookPOC-GithookPOCUITests.debug.xcconfig"; sourceTree = "<group>"; };
		81B630019B8B8780F3B895BD /* Pods-GithookPOC.debug.xcconfig */ = {isa = PBXFileReference; includeInIndex = 1; lastKnownFileType = text.xcconfig; name = "Pods-GithookPOC.debug.xcconfig"; path = "Target Support Files/Pods-GithookPOC/Pods-GithookPOC.debug.xcconfig"; sourceTree = "<group>"; };
		8BAFD2A98E9E36F7E92C5743 /* Pods-GithookPOC.release.xcconfig */ = {isa = PBXFileReference; includeInIndex = 1; lastKnownFileType = text.xcconfig; name = "Pods-GithookPOC.release.xcconfig"; path = "Target Support Files/Pods-GithookPOC/Pods-GithookPOC.release.xcconfig"; sourceTree = "<group>"; };
		B94D3A05062B40DEE9E549F1 /* Pods-GithookPOC-GithookPOCUITests.release.xcconfig */ = {isa = PBXFileReference; includeInIndex = 1; lastKnownFileType = text.xcconfig; name = "Pods-GithookPOC-GithookPOCUITests.release.xcconfig"; path = "Target Support Files/Pods-GithookPOC-GithookPOCUITests/Pods-GithookPOC-GithookPOCUITests.release.xcconfig"; sourceTree = "<group>"; };
		D8D6304B7AF3A0CC067E7678 /* Pods-GithookPOCTests.debug.xcconfig */ = {isa = PBXFileReference; includeInIndex = 1; lastKnownFileType = text.xcconfig; name = "Pods-GithookPOCTests.debug.xcconfig"; path = "Target Support Files/Pods-GithookPOCTests/Pods-GithookPOCTests.debug.xcconfig"; sourceTree = "<group>"; };
		F3787FD9A63A025D5BE12CFE /* Pods_GithookPOC_GithookPOCUITests.framework */ = {isa = PBXFileReference; explicitFileType = wrapper.framework; includeInIndex = 0; path = Pods_GithookPOC_GithookPOCUITests.framework; sourceTree = BUILT_PRODUCTS_DIR; };
		F945F572458DF5FA1793128F /* Pods_GithookPOCTests.framework */ = {isa = PBXFileReference; explicitFileType = wrapper.framework; includeInIndex = 0; path = Pods_GithookPOCTests.framework; sourceTree = BUILT_PRODUCTS_DIR; };
/* End PBXFileReference section */

/* Begin PBXFrameworksBuildPhase section */
		0CA0941828C65926003E6806 /* Frameworks */ = {
			isa = PBXFrameworksBuildPhase;
			buildActionMask = 2147483647;
			files = (
				2A4D7FA6448E4B629ED86D01 /* Pods_GithookPOC.framework in Frameworks */,
			);
			runOnlyForDeploymentPostprocessing = 0;
		};
		0CA0942828C65928003E6806 /* Frameworks */ = {
			isa = PBXFrameworksBuildPhase;
			buildActionMask = 2147483647;
			files = (
				9CABD278CE3547D32C278CB9 /* Pods_GithookPOCTests.framework in Frameworks */,
			);
			runOnlyForDeploymentPostprocessing = 0;
		};
		0CA0943228C65928003E6806 /* Frameworks */ = {
			isa = PBXFrameworksBuildPhase;
			buildActionMask = 2147483647;
			files = (
				590E414CA8D494849082BA82 /* Pods_GithookPOC_GithookPOCUITests.framework in Frameworks */,
			);
			runOnlyForDeploymentPostprocessing = 0;
		};
/* End PBXFrameworksBuildPhase section */

/* Begin PBXGroup section */
		02C06F63AFFDACBDA5D30828 /* Frameworks */ = {
			isa = PBXGroup;
			children = (
				672CF2316862EEF25D946111 /* Pods_GithookPOC.framework */,
				F3787FD9A63A025D5BE12CFE /* Pods_GithookPOC_GithookPOCUITests.framework */,
				F945F572458DF5FA1793128F /* Pods_GithookPOCTests.framework */,
			);
			name = Frameworks;
			sourceTree = "<group>";
		};
		0C82A6DA28CB9FE700C52085 /* Sample */ = {
			isa = PBXGroup;
			children = (
				0C82A6E428CBA5C800C52085 /* MFUtilities.h */,
				0C82A6E328CBA5C800C52085 /* MFUtilities.m */,
				0C82A6E228CBA5C700C52085 /* GithookPOC-Bridging-Header.h */,
			);
			path = Sample;
			sourceTree = "<group>";
		};
		0CA0941228C65926003E6806 = {
			isa = PBXGroup;
			children = (
				0CA0941D28C65926003E6806 /* GithookPOC */,
				0CA0942E28C65928003E6806 /* GithookPOCTests */,
				0CA0943828C65928003E6806 /* GithookPOCUITests */,
				0CA0941C28C65926003E6806 /* Products */,
				EB5BB0E482552F38D6F347D3 /* Pods */,
				02C06F63AFFDACBDA5D30828 /* Frameworks */,
			);
			sourceTree = "<group>";
		};
		0CA0941C28C65926003E6806 /* Products */ = {
			isa = PBXGroup;
			children = (
				0CA0941B28C65926003E6806 /* GithookPOC.app */,
				0CA0942B28C65928003E6806 /* GithookPOCTests.xctest */,
				0CA0943528C65928003E6806 /* GithookPOCUITests.xctest */,
			);
			name = Products;
			sourceTree = "<group>";
		};
		0CA0941D28C65926003E6806 /* GithookPOC */ = {
			isa = PBXGroup;
			children = (
				0C82A6DA28CB9FE700C52085 /* Sample */,
				0CA0941E28C65926003E6806 /* GithookPOCApp.swift */,
				0CA0942028C65926003E6806 /* ContentView.swift */,
				0CA0942228C65927003E6806 /* Assets.xcassets */,
				0CA0942428C65927003E6806 /* Preview Content */,
			);
			path = GithookPOC;
			sourceTree = "<group>";
		};
		0CA0942428C65927003E6806 /* Preview Content */ = {
			isa = PBXGroup;
			children = (
				0CA0942528C65927003E6806 /* Preview Assets.xcassets */,
			);
			path = "Preview Content";
			sourceTree = "<group>";
		};
		0CA0942E28C65928003E6806 /* GithookPOCTests */ = {
			isa = PBXGroup;
			children = (
				0CA0942F28C65928003E6806 /* GithookPOCTests.swift */,
			);
			path = GithookPOCTests;
			sourceTree = "<group>";
		};
		0CA0943828C65928003E6806 /* GithookPOCUITests */ = {
			isa = PBXGroup;
			children = (
				0CA0943928C65928003E6806 /* GithookPOCUITests.swift */,
				0CA0943B28C65928003E6806 /* GithookPOCUITestsLaunchTests.swift */,
			);
			path = GithookPOCUITests;
			sourceTree = "<group>";
		};
		EB5BB0E482552F38D6F347D3 /* Pods */ = {
			isa = PBXGroup;
			children = (
				81B630019B8B8780F3B895BD /* Pods-GithookPOC.debug.xcconfig */,
				8BAFD2A98E9E36F7E92C5743 /* Pods-GithookPOC.release.xcconfig */,
				69CEA3859E77D6BC93578222 /* Pods-GithookPOC-GithookPOCUITests.debug.xcconfig */,
				B94D3A05062B40DEE9E549F1 /* Pods-GithookPOC-GithookPOCUITests.release.xcconfig */,
				D8D6304B7AF3A0CC067E7678 /* Pods-GithookPOCTests.debug.xcconfig */,
				6820FECA4A016694AFDE1DC1 /* Pods-GithookPOCTests.release.xcconfig */,
			);
			path = Pods;
			sourceTree = "<group>";
		};
/* End PBXGroup section */

/* Begin PBXNativeTarget section */
		0CA0941A28C65926003E6806 /* GithookPOC */ = {
			isa = PBXNativeTarget;
			buildConfigurationList = 0CA0943F28C65928003E6806 /* Build configuration list for PBXNativeTarget "GithookPOC" */;
			buildPhases = (
				A439A92FA4EB71FB8FBD1DAA /* [CP] Check Pods Manifest.lock */,
				0CA0941728C65926003E6806 /* Sources */,
				0CA0941828C65926003E6806 /* Frameworks */,
				0CA0941928C65926003E6806 /* Resources */,
			);
			buildRules = (
			);
			dependencies = (
			);
			name = GithookPOC;
			productName = GithookPOC;
			productReference = 0CA0941B28C65926003E6806 /* GithookPOC.app */;
			productType = "com.apple.product-type.application";
		};
		0CA0942A28C65928003E6806 /* GithookPOCTests */ = {
			isa = PBXNativeTarget;
			buildConfigurationList = 0CA0944228C65928003E6806 /* Build configuration list for PBXNativeTarget "GithookPOCTests" */;
			buildPhases = (
				77545404DD1D02574C872FFB /* [CP] Check Pods Manifest.lock */,
				0CA0942728C65928003E6806 /* Sources */,
				0CA0942828C65928003E6806 /* Frameworks */,
				0CA0942928C65928003E6806 /* Resources */,
			);
			buildRules = (
			);
			dependencies = (
				0CA0942D28C65928003E6806 /* PBXTargetDependency */,
			);
			name = GithookPOCTests;
			productName = GithookPOCTests;
			productReference = 0CA0942B28C65928003E6806 /* GithookPOCTests.xctest */;
			productType = "com.apple.product-type.bundle.unit-test";
		};
		0CA0943428C65928003E6806 /* GithookPOCUITests */ = {
			isa = PBXNativeTarget;
			buildConfigurationList = 0CA0944528C65928003E6806 /* Build configuration list for PBXNativeTarget "GithookPOCUITests" */;
			buildPhases = (
				B0A155CFE2A96B31610947EB /* [CP] Check Pods Manifest.lock */,
				0CA0943128C65928003E6806 /* Sources */,
				0CA0943228C65928003E6806 /* Frameworks */,
				0CA0943328C65928003E6806 /* Resources */,
			);
			buildRules = (
			);
			dependencies = (
				0CA0943728C65928003E6806 /* PBXTargetDependency */,
			);
			name = GithookPOCUITests;
			productName = GithookPOCUITests;
			productReference = 0CA0943528C65928003E6806 /* GithookPOCUITests.xctest */;
			productType = "com.apple.product-type.bundle.ui-testing";
		};
/* End PBXNativeTarget section */

/* Begin PBXProject section */
		0CA0941328C65926003E6806 /* Project object */ = {
			isa = PBXProject;
			attributes = {
				BuildIndependentTargetsInParallel = 1;
				LastSwiftUpdateCheck = 1340;
				LastUpgradeCheck = 1340;
				TargetAttributes = {
					0CA0941A28C65926003E6806 = {
						CreatedOnToolsVersion = 13.4.1;
						LastSwiftMigration = 1340;
					};
					0CA0942A28C65928003E6806 = {
						CreatedOnToolsVersion = 13.4.1;
						TestTargetID = 0CA0941A28C65926003E6806;
					};
					0CA0943428C65928003E6806 = {
						CreatedOnToolsVersion = 13.4.1;
						TestTargetID = 0CA0941A28C65926003E6806;
					};
				};
			};
			buildConfigurationList = 0CA0941628C65926003E6806 /* Build configuration list for PBXProject "GithookPOC" */;
			compatibilityVersion = "Xcode 13.0";
			developmentRegion = en;
			hasScannedForEncodings = 0;
			knownRegions = (
				en,
				Base,
			);
			mainGroup = 0CA0941228C65926003E6806;
			productRefGroup = 0CA0941C28C65926003E6806 /* Products */;
			projectDirPath = "";
			projectRoot = "";
			targets = (
				0CA0941A28C65926003E6806 /* GithookPOC */,
				0CA0942A28C65928003E6806 /* GithookPOCTests */,
				0CA0943428C65928003E6806 /* GithookPOCUITests */,
			);
		};
/* End PBXProject section */

/* Begin PBXResourcesBuildPhase section */
		0CA0941928C65926003E6806 /* Resources */ = {
			isa = PBXResourcesBuildPhase;
			buildActionMask = 2147483647;
			files = (
				0CA0942628C65927003E6806 /* Preview Assets.xcassets in Resources */,
				0CA0942328C65927003E6806 /* Assets.xcassets in Resources */,
			);
			runOnlyForDeploymentPostprocessing = 0;
		};
		0CA0942928C65928003E6806 /* Resources */ = {
			isa = PBXResourcesBuildPhase;
			buildActionMask = 2147483647;
			files = (
			);
			runOnlyForDeploymentPostprocessing = 0;
		};
		0CA0943328C65928003E6806 /* Resources */ = {
			isa = PBXResourcesBuildPhase;
			buildActionMask = 2147483647;
			files = (
			);
			runOnlyForDeploymentPostprocessing = 0;
		};
/* End PBXResourcesBuildPhase section */

/* Begin PBXShellScriptBuildPhase section */
		77545404DD1D02574C872FFB /* [CP] Check Pods Manifest.lock */ = {
			isa = PBXShellScriptBuildPhase;
			buildActionMask = 2147483647;
			files = (
			);
			inputFileListPaths = (
			);
			inputPaths = (
				"${PODS_PODFILE_DIR_PATH}/Podfile.lock",
				"${PODS_ROOT}/Manifest.lock",
			);
			name = "[CP] Check Pods Manifest.lock";
			outputFileListPaths = (
			);
			outputPaths = (
				"$(DERIVED_FILE_DIR)/Pods-GithookPOCTests-checkManifestLockResult.txt",
			);
			runOnlyForDeploymentPostprocessing = 0;
			shellPath = /bin/sh;
			shellScript = "diff \"${PODS_PODFILE_DIR_PATH}/Podfile.lock\" \"${PODS_ROOT}/Manifest.lock\" > /dev/null\nif [ $? != 0 ] ; then\n    # print error to STDERR\n    echo \"error: The sandbox is not in sync with the Podfile.lock. Run 'pod install' or update your CocoaPods installation.\" >&2\n    exit 1\nfi\n# This output is used by Xcode 'outputs' to avoid re-running this script phase.\necho \"SUCCESS\" > \"${SCRIPT_OUTPUT_FILE_0}\"\n";
			showEnvVarsInLog = 0;
		};
		A439A92FA4EB71FB8FBD1DAA /* [CP] Check Pods Manifest.lock */ = {
			isa = PBXShellScriptBuildPhase;
			buildActionMask = 2147483647;
			files = (
			);
			inputFileListPaths = (
			);
			inputPaths = (
				"${PODS_PODFILE_DIR_PATH}/Podfile.lock",
				"${PODS_ROOT}/Manifest.lock",
			);
			name = "[CP] Check Pods Manifest.lock";
			outputFileListPaths = (
			);
			outputPaths = (
				"$(DERIVED_FILE_DIR)/Pods-GithookPOC-checkManifestLockResult.txt",
			);
			runOnlyForDeploymentPostprocessing = 0;
			shellPath = /bin/sh;
			shellScript = "diff \"${PODS_PODFILE_DIR_PATH}/Podfile.lock\" \"${PODS_ROOT}/Manifest.lock\" > /dev/null\nif [ $? != 0 ] ; then\n    # print error to STDERR\n    echo \"error: The sandbox is not in sync with the Podfile.lock. Run 'pod install' or update your CocoaPods installation.\" >&2\n    exit 1\nfi\n# This output is used by Xcode 'outputs' to avoid re-running this script phase.\necho \"SUCCESS\" > \"${SCRIPT_OUTPUT_FILE_0}\"\n";
			showEnvVarsInLog = 0;
		};
		B0A155CFE2A96B31610947EB /* [CP] Check Pods Manifest.lock */ = {
			isa = PBXShellScriptBuildPhase;
			buildActionMask = 2147483647;
			files = (
			);
			inputFileListPaths = (
			);
			inputPaths = (
				"${PODS_PODFILE_DIR_PATH}/Podfile.lock",
				"${PODS_ROOT}/Manifest.lock",
			);
			name = "[CP] Check Pods Manifest.lock";
			outputFileListPaths = (
			);
			outputPaths = (
				"$(DERIVED_FILE_DIR)/Pods-GithookPOC-GithookPOCUITests-checkManifestLockResult.txt",
			);
			runOnlyForDeploymentPostprocessing = 0;
			shellPath = /bin/sh;
			shellScript = "diff \"${PODS_PODFILE_DIR_PATH}/Podfile.lock\" \"${PODS_ROOT}/Manifest.lock\" > /dev/null\nif [ $? != 0 ] ; then\n    # print error to STDERR\n    echo \"error: The sandbox is not in sync with the Podfile.lock. Run 'pod install' or update your CocoaPods installation.\" >&2\n    exit 1\nfi\n# This output is used by Xcode 'outputs' to avoid re-running this script phase.\necho \"SUCCESS\" > \"${SCRIPT_OUTPUT_FILE_0}\"\n";
			showEnvVarsInLog = 0;
		};
/* End PBXShellScriptBuildPhase section */

/* Begin PBXSourcesBuildPhase section */
		0CA0941728C65926003E6806 /* Sources */ = {
			isa = PBXSourcesBuildPhase;
			buildActionMask = 2147483647;
			files = (
				0C82A6E528CBA5C800C52085 /* MFUtilities.m in Sources */,
				0CA0942128C65926003E6806 /* ContentView.swift in Sources */,
				0CA0941F28C65926003E6806 /* GithookPOCApp.swift in Sources */,
			);
			runOnlyForDeploymentPostprocessing = 0;
		};
		0CA0942728C65928003E6806 /* Sources */ = {
			isa = PBXSourcesBuildPhase;
			buildActionMask = 2147483647;
			files = (
				0CA0943028C65928003E6806 /* GithookPOCTests.swift in Sources */,
			);
			runOnlyForDeploymentPostprocessing = 0;
		};
		0CA0943128C65928003E6806 /* Sources */ = {
			isa = PBXSourcesBuildPhase;
			buildActionMask = 2147483647;
			files = (
				0CA0943A28C65928003E6806 /* GithookPOCUITests.swift in Sources */,
				0CA0943C28C65928003E6806 /* GithookPOCUITestsLaunchTests.swift in Sources */,
			);
			runOnlyForDeploymentPostprocessing = 0;
		};
/* End PBXSourcesBuildPhase section */

/* Begin PBXTargetDependency section */
		0CA0942D28C65928003E6806 /* PBXTargetDependency */ = {
			isa = PBXTargetDependency;
			target = 0CA0941A28C65926003E6806 /* GithookPOC */;
			targetProxy = 0CA0942C28C65928003E6806 /* PBXContainerItemProxy */;
		};
		0CA0943728C65928003E6806 /* PBXTargetDependency */ = {
			isa = PBXTargetDependency;
			target = 0CA0941A28C65926003E6806 /* GithookPOC */;
			targetProxy = 0CA0943628C65928003E6806 /* PBXContainerItemProxy */;
		};
/* End PBXTargetDependency section */

/* Begin XCBuildConfiguration section */
		0CA0943D28C65928003E6806 /* Debug */ = {
			isa = XCBuildConfiguration;
			buildSettings = {
				ALWAYS_SEARCH_USER_PATHS = NO;
				CLANG_ANALYZER_NONNULL = YES;
				CLANG_ANALYZER_NUMBER_OBJECT_CONVERSION = YES_AGGRESSIVE;
				CLANG_CXX_LANGUAGE_STANDARD = "gnu++17";
				CLANG_ENABLE_MODULES = YES;
				CLANG_ENABLE_OBJC_ARC = YES;
				CLANG_ENABLE_OBJC_WEAK = YES;
				CLANG_WARN_BLOCK_CAPTURE_AUTORELEASING = YES;
				CLANG_WARN_BOOL_CONVERSION = YES;
				CLANG_WARN_COMMA = YES;
				CLANG_WARN_CONSTANT_CONVERSION = YES;
				CLANG_WARN_DEPRECATED_OBJC_IMPLEMENTATIONS = YES;
				CLANG_WARN_DIRECT_OBJC_ISA_USAGE = YES_ERROR;
				CLANG_WARN_DOCUMENTATION_COMMENTS = YES;
				CLANG_WARN_EMPTY_BODY = YES;
				CLANG_WARN_ENUM_CONVERSION = YES;
				CLANG_WARN_INFINITE_RECURSION = YES;
				CLANG_WARN_INT_CONVERSION = YES;
				CLANG_WARN_NON_LITERAL_NULL_CONVERSION = YES;
				CLANG_WARN_OBJC_IMPLICIT_RETAIN_SELF = YES;
				CLANG_WARN_OBJC_LITERAL_CONVERSION = YES;
				CLANG_WARN_OBJC_ROOT_CLASS = YES_ERROR;
				CLANG_WARN_QUOTED_INCLUDE_IN_FRAMEWORK_HEADER = YES;
				CLANG_WARN_RANGE_LOOP_ANALYSIS = YES;
				CLANG_WARN_STRICT_PROTOTYPES = YES;
				CLANG_WARN_SUSPICIOUS_MOVE = YES;
				CLANG_WARN_UNGUARDED_AVAILABILITY = YES_AGGRESSIVE;
				CLANG_WARN_UNREACHABLE_CODE = YES;
				CLANG_WARN__DUPLICATE_METHOD_MATCH = YES;
				COPY_PHASE_STRIP = NO;
				DEBUG_INFORMATION_FORMAT = dwarf;
				ENABLE_STRICT_OBJC_MSGSEND = YES;
				ENABLE_TESTABILITY = YES;
				GCC_C_LANGUAGE_STANDARD = gnu11;
				GCC_DYNAMIC_NO_PIC = NO;
				GCC_NO_COMMON_BLOCKS = YES;
				GCC_OPTIMIZATION_LEVEL = 0;
				GCC_PREPROCESSOR_DEFINITIONS = (
					"DEBUG=1",
					"$(inherited)",
				);
				GCC_WARN_64_TO_32_BIT_CONVERSION = YES;
				GCC_WARN_ABOUT_RETURN_TYPE = YES_ERROR;
				GCC_WARN_UNDECLARED_SELECTOR = YES;
				GCC_WARN_UNINITIALIZED_AUTOS = YES_AGGRESSIVE;
				GCC_WARN_UNUSED_FUNCTION = YES;
				GCC_WARN_UNUSED_VARIABLE = YES;
				IPHONEOS_DEPLOYMENT_TARGET = 15.5;
				MTL_ENABLE_DEBUG_INFO = INCLUDE_SOURCE;
				MTL_FAST_MATH = YES;
				ONLY_ACTIVE_ARCH = YES;
				SDKROOT = iphoneos;
				SWIFT_ACTIVE_COMPILATION_CONDITIONS = DEBUG;
				SWIFT_OPTIMIZATION_LEVEL = "-Onone";
			};
			name = Debug;
		};
		0CA0943E28C65928003E6806 /* Release */ = {
			isa = XCBuildConfiguration;
			buildSettings = {
				ALWAYS_SEARCH_USER_PATHS = NO;
				CLANG_ANALYZER_NONNULL = YES;
				CLANG_ANALYZER_NUMBER_OBJECT_CONVERSION = YES_AGGRESSIVE;
				CLANG_CXX_LANGUAGE_STANDARD = "gnu++17";
				CLANG_ENABLE_MODULES = YES;
				CLANG_ENABLE_OBJC_ARC = YES;
				CLANG_ENABLE_OBJC_WEAK = YES;
				CLANG_WARN_BLOCK_CAPTURE_AUTORELEASING = YES;
				CLANG_WARN_BOOL_CONVERSION = YES;
				CLANG_WARN_COMMA = YES;
				CLANG_WARN_CONSTANT_CONVERSION = YES;
				CLANG_WARN_DEPRECATED_OBJC_IMPLEMENTATIONS = YES;
				CLANG_WARN_DIRECT_OBJC_ISA_USAGE = YES_ERROR;
				CLANG_WARN_DOCUMENTATION_COMMENTS = YES;
				CLANG_WARN_EMPTY_BODY = YES;
				CLANG_WARN_ENUM_CONVERSION = YES;
				CLANG_WARN_INFINITE_RECURSION = YES;
				CLANG_WARN_INT_CONVERSION = YES;
				CLANG_WARN_NON_LITERAL_NULL_CONVERSION = YES;
				CLANG_WARN_OBJC_IMPLICIT_RETAIN_SELF = YES;
				CLANG_WARN_OBJC_LITERAL_CONVERSION = YES;
				CLANG_WARN_OBJC_ROOT_CLASS = YES_ERROR;
				CLANG_WARN_QUOTED_INCLUDE_IN_FRAMEWORK_HEADER = YES;
				CLANG_WARN_RANGE_LOOP_ANALYSIS = YES;
				CLANG_WARN_STRICT_PROTOTYPES = YES;
				CLANG_WARN_SUSPICIOUS_MOVE = YES;
				CLANG_WARN_UNGUARDED_AVAILABILITY = YES_AGGRESSIVE;
				CLANG_WARN_UNREACHABLE_CODE = YES;
				CLANG_WARN__DUPLICATE_METHOD_MATCH = YES;
				COPY_PHASE_STRIP = NO;
				DEBUG_INFORMATION_FORMAT = "dwarf-with-dsym";
				ENABLE_NS_ASSERTIONS = NO;
				ENABLE_STRICT_OBJC_MSGSEND = YES;
				GCC_C_LANGUAGE_STANDARD = gnu11;
				GCC_NO_COMMON_BLOCKS = YES;
				GCC_WARN_64_TO_32_BIT_CONVERSION = YES;
				GCC_WARN_ABOUT_RETURN_TYPE = YES_ERROR;
				GCC_WARN_UNDECLARED_SELECTOR = YES;
				GCC_WARN_UNINITIALIZED_AUTOS = YES_AGGRESSIVE;
				GCC_WARN_UNUSED_FUNCTION = YES;
				GCC_WARN_UNUSED_VARIABLE = YES;
				IPHONEOS_DEPLOYMENT_TARGET = 15.5;
				MTL_ENABLE_DEBUG_INFO = NO;
				MTL_FAST_MATH = YES;
				SDKROOT = iphoneos;
				SWIFT_COMPILATION_MODE = wholemodule;
				SWIFT_OPTIMIZATION_LEVEL = "-O";
				VALIDATE_PRODUCT = YES;
			};
			name = Release;
		};
		0CA0944028C65928003E6806 /* Debug */ = {
			isa = XCBuildConfiguration;
			baseConfigurationReference = 81B630019B8B8780F3B895BD /* Pods-GithookPOC.debug.xcconfig */;
			buildSettings = {
				ASSETCATALOG_COMPILER_APPICON_NAME = AppIcon;
				ASSETCATALOG_COMPILER_GLOBAL_ACCENT_COLOR_NAME = AccentColor;
				CLANG_ENABLE_MODULES = YES;
				CODE_SIGN_STYLE = Automatic;
				CURRENT_PROJECT_VERSION = 1;
				DEVELOPMENT_ASSET_PATHS = "\"GithookPOC/Preview Content\"";
				DEVELOPMENT_TEAM = YUSL8V383S;
				ENABLE_PREVIEWS = YES;
				GENERATE_INFOPLIST_FILE = YES;
				INFOPLIST_KEY_UIApplicationSceneManifest_Generation = YES;
				INFOPLIST_KEY_UIApplicationSupportsIndirectInputEvents = YES;
				INFOPLIST_KEY_UILaunchScreen_Generation = YES;
				INFOPLIST_KEY_UISupportedInterfaceOrientations_iPad = "UIInterfaceOrientationPortrait UIInterfaceOrientationPortraitUpsideDown UIInterfaceOrientationLandscapeLeft UIInterfaceOrientationLandscapeRight";
				INFOPLIST_KEY_UISupportedInterfaceOrientations_iPhone = "UIInterfaceOrientationPortrait UIInterfaceOrientationLandscapeLeft UIInterfaceOrientationLandscapeRight";
				LD_RUNPATH_SEARCH_PATHS = (
					"$(inherited)",
					"@executable_path/Frameworks",
				);
				MARKETING_VERSION = 1.0;
				PRODUCT_BUNDLE_IDENTIFIER = com.globant.GithookPOC;
				PRODUCT_NAME = "$(TARGET_NAME)";
				SWIFT_EMIT_LOC_STRINGS = YES;
				SWIFT_OBJC_BRIDGING_HEADER = "GithookPOC/Sample/GithookPOC-Bridging-Header.h";
				SWIFT_OPTIMIZATION_LEVEL = "-Onone";
				SWIFT_VERSION = 5.0;
				TARGETED_DEVICE_FAMILY = "1,2";
			};
			name = Debug;
		};
		0CA0944128C65928003E6806 /* Release */ = {
			isa = XCBuildConfiguration;
			baseConfigurationReference = 8BAFD2A98E9E36F7E92C5743 /* Pods-GithookPOC.release.xcconfig */;
			buildSettings = {
				ASSETCATALOG_COMPILER_APPICON_NAME = AppIcon;
				ASSETCATALOG_COMPILER_GLOBAL_ACCENT_COLOR_NAME = AccentColor;
				CLANG_ENABLE_MODULES = YES;
				CODE_SIGN_STYLE = Automatic;
				CURRENT_PROJECT_VERSION = 1;
				DEVELOPMENT_ASSET_PATHS = "\"GithookPOC/Preview Content\"";
				ENABLE_PREVIEWS = YES;
				GENERATE_INFOPLIST_FILE = YES;
				INFOPLIST_KEY_UIApplicationSceneManifest_Generation = YES;
				INFOPLIST_KEY_UIApplicationSupportsIndirectInputEvents = YES;
				INFOPLIST_KEY_UILaunchScreen_Generation = YES;
				INFOPLIST_KEY_UISupportedInterfaceOrientations_iPad = "UIInterfaceOrientationPortrait UIInterfaceOrientationPortraitUpsideDown UIInterfaceOrientationLandscapeLeft UIInterfaceOrientationLandscapeRight";
				INFOPLIST_KEY_UISupportedInterfaceOrientations_iPhone = "UIInterfaceOrientationPortrait UIInterfaceOrientationLandscapeLeft UIInterfaceOrientationLandscapeRight";
				LD_RUNPATH_SEARCH_PATHS = (
					"$(inherited)",
					"@executable_path/Frameworks",
				);
				MARKETING_VERSION = 1.0;
				PRODUCT_BUNDLE_IDENTIFIER = com.globant.GithookPOC;
				PRODUCT_NAME = "$(TARGET_NAME)";
				SWIFT_EMIT_LOC_STRINGS = YES;
				SWIFT_OBJC_BRIDGING_HEADER = "GithookPOC/Sample/GithookPOC-Bridging-Header.h";
				SWIFT_VERSION = 5.0;
				TARGETED_DEVICE_FAMILY = "1,2";
			};
			name = Release;
		};
		0CA0944328C65928003E6806 /* Debug */ = {
			isa = XCBuildConfiguration;
			baseConfigurationReference = D8D6304B7AF3A0CC067E7678 /* Pods-GithookPOCTests.debug.xcconfig */;
			buildSettings = {
				ALWAYS_EMBED_SWIFT_STANDARD_LIBRARIES = YES;
				BUNDLE_LOADER = "$(TEST_HOST)";
				CODE_SIGN_STYLE = Automatic;
				CURRENT_PROJECT_VERSION = 1;
				GENERATE_INFOPLIST_FILE = YES;
				IPHONEOS_DEPLOYMENT_TARGET = 15.5;
				MARKETING_VERSION = 1.0;
				PRODUCT_BUNDLE_IDENTIFIER = com.globant.GithookPOCTests;
				PRODUCT_NAME = "$(TARGET_NAME)";
				SWIFT_EMIT_LOC_STRINGS = NO;
				SWIFT_VERSION = 5.0;
				TARGETED_DEVICE_FAMILY = "1,2";
				TEST_HOST = "$(BUILT_PRODUCTS_DIR)/GithookPOC.app/GithookPOC";
			};
			name = Debug;
		};
		0CA0944428C65928003E6806 /* Release */ = {
			isa = XCBuildConfiguration;
			baseConfigurationReference = 6820FECA4A016694AFDE1DC1 /* Pods-GithookPOCTests.release.xcconfig */;
			buildSettings = {
				ALWAYS_EMBED_SWIFT_STANDARD_LIBRARIES = YES;
				BUNDLE_LOADER = "$(TEST_HOST)";
				CODE_SIGN_STYLE = Automatic;
				CURRENT_PROJECT_VERSION = 1;
				GENERATE_INFOPLIST_FILE = YES;
				IPHONEOS_DEPLOYMENT_TARGET = 15.5;
				MARKETING_VERSION = 1.0;
				PRODUCT_BUNDLE_IDENTIFIER = com.globant.GithookPOCTests;
				PRODUCT_NAME = "$(TARGET_NAME)";
				SWIFT_EMIT_LOC_STRINGS = NO;
				SWIFT_VERSION = 5.0;
				TARGETED_DEVICE_FAMILY = "1,2";
				TEST_HOST = "$(BUILT_PRODUCTS_DIR)/GithookPOC.app/GithookPOC";
			};
			name = Release;
		};
		0CA0944628C65928003E6806 /* Debug */ = {
			isa = XCBuildConfiguration;
			baseConfigurationReference = 69CEA3859E77D6BC93578222 /* Pods-GithookPOC-GithookPOCUITests.debug.xcconfig */;
			buildSettings = {
				ALWAYS_EMBED_SWIFT_STANDARD_LIBRARIES = YES;
				CODE_SIGN_STYLE = Automatic;
				CURRENT_PROJECT_VERSION = 1;
				GENERATE_INFOPLIST_FILE = YES;
				MARKETING_VERSION = 1.0;
				PRODUCT_BUNDLE_IDENTIFIER = com.globant.GithookPOCUITests;
				PRODUCT_NAME = "$(TARGET_NAME)";
				SWIFT_EMIT_LOC_STRINGS = NO;
				SWIFT_VERSION = 5.0;
				TARGETED_DEVICE_FAMILY = "1,2";
				TEST_TARGET_NAME = GithookPOC;
			};
			name = Debug;
		};
		0CA0944728C65928003E6806 /* Release */ = {
			isa = XCBuildConfiguration;
			baseConfigurationReference = B94D3A05062B40DEE9E549F1 /* Pods-GithookPOC-GithookPOCUITests.release.xcconfig */;
			buildSettings = {
				ALWAYS_EMBED_SWIFT_STANDARD_LIBRARIES = YES;
				CODE_SIGN_STYLE = Automatic;
				CURRENT_PROJECT_VERSION = 1;
				GENERATE_INFOPLIST_FILE = YES;
				MARKETING_VERSION = 1.0;
				PRODUCT_BUNDLE_IDENTIFIER = com.globant.GithookPOCUITests;
				PRODUCT_NAME = "$(TARGET_NAME)";
				SWIFT_EMIT_LOC_STRINGS = NO;
				SWIFT_VERSION = 5.0;
				TARGETED_DEVICE_FAMILY = "1,2";
				TEST_TARGET_NAME = GithookPOC;
			};
			name = Release;
		};
/* End XCBuildConfiguration section */

/* Begin XCConfigurationList section */
		0CA0941628C65926003E6806 /* Build configuration list for PBXProject "GithookPOC" */ = {
			isa = XCConfigurationList;
			buildConfigurations = (
				0CA0943D28C65928003E6806 /* Debug */,
				0CA0943E28C65928003E6806 /* Release */,
			);
			defaultConfigurationIsVisible = 0;
			defaultConfigurationName = Release;
		};
		0CA0943F28C65928003E6806 /* Build configuration list for PBXNativeTarget "GithookPOC" */ = {
			isa = XCConfigurationList;
			buildConfigurations = (
				0CA0944028C65928003E6806 /* Debug */,
				0CA0944128C65928003E6806 /* Release */,
			);
			defaultConfigurationIsVisible = 0;
			defaultConfigurationName = Release;
		};
		0CA0944228C65928003E6806 /* Build configuration list for PBXNativeTarget "GithookPOCTests" */ = {
			isa = XCConfigurationList;
			buildConfigurations = (
				0CA0944328C65928003E6806 /* Debug */,
				0CA0944428C65928003E6806 /* Release */,
			);
			defaultConfigurationIsVisible = 0;
			defaultConfigurationName = Release;
		};
		0CA0944528C65928003E6806 /* Build configuration list for PBXNativeTarget "GithookPOCUITests" */ = {
			isa = XCConfigurationList;
			buildConfigurations = (
				0CA0944628C65928003E6806 /* Debug */,
				0CA0944728C65928003E6806 /* Release */,
			);
			defaultConfigurationIsVisible = 0;
			defaultConfigurationName = Release;
		};
/* End XCConfigurationList section */
	};
	rootObject = 0CA0941328C65926003E6806 /* Project object */;
}
